// !$*UTF8*$!
{
	archiveVersion = 1;
	classes = {
	};
	objectVersion = 50;
	objects = {

/* Begin PBXBuildFile section */
		7A1FF3F925BDCA2F001EB59D /* TmdbMovie.swift in Sources */ = {isa = PBXBuildFile; fileRef = 7A1FF3F825BDCA2F001EB59D /* TmdbMovie.swift */; };
		7A1FF3FC25BDCA6F001EB59D /* WatchListMovie.swift in Sources */ = {isa = PBXBuildFile; fileRef = 7A1FF3FB25BDCA6F001EB59D /* WatchListMovie.swift */; };
		7A73D7D525B4771F00C664B5 /* CustomTableViewCell.swift in Sources */ = {isa = PBXBuildFile; fileRef = 7A73D7D325B4771F00C664B5 /* CustomTableViewCell.swift */; };
		7A73D7D625B4771F00C664B5 /* CustomTableViewCell.xib in Resources */ = {isa = PBXBuildFile; fileRef = 7A73D7D425B4771F00C664B5 /* CustomTableViewCell.xib */; };
		7A73D7DB25B4820F00C664B5 /* ResultViewController.swift in Sources */ = {isa = PBXBuildFile; fileRef = 7A73D7D925B4820F00C664B5 /* ResultViewController.swift */; };
		7A73D7DC25B4820F00C664B5 /* ResultViewController.xib in Resources */ = {isa = PBXBuildFile; fileRef = 7A73D7DA25B4820F00C664B5 /* ResultViewController.xib */; };
		7A73D7E125B482E000C664B5 /* ResultTableViewCell.swift in Sources */ = {isa = PBXBuildFile; fileRef = 7A73D7DF25B482E000C664B5 /* ResultTableViewCell.swift */; };
		7A73D7E225B482E000C664B5 /* ResultTableViewCell.xib in Resources */ = {isa = PBXBuildFile; fileRef = 7A73D7E025B482E000C664B5 /* ResultTableViewCell.xib */; };
		7A9B334325B486CB006DBEB5 /* MovieViewController.swift in Sources */ = {isa = PBXBuildFile; fileRef = 7A9B334125B486CB006DBEB5 /* MovieViewController.swift */; };
		7A9B334425B486CB006DBEB5 /* MovieViewController.xib in Resources */ = {isa = PBXBuildFile; fileRef = 7A9B334225B486CB006DBEB5 /* MovieViewController.xib */; };
		7A9B334E25B4891F006DBEB5 /* MovieTableViewCell.swift in Sources */ = {isa = PBXBuildFile; fileRef = 7A9B334C25B4891F006DBEB5 /* MovieTableViewCell.swift */; };
		7A9B334F25B4891F006DBEB5 /* MovieTableViewCell.xib in Resources */ = {isa = PBXBuildFile; fileRef = 7A9B334D25B4891F006DBEB5 /* MovieTableViewCell.xib */; };
		7AC8308E25B3294F00BBA7C2 /* ResearchViewController.swift in Sources */ = {isa = PBXBuildFile; fileRef = 7AC8308C25B3294F00BBA7C2 /* ResearchViewController.swift */; };
		7AC8308F25B3294F00BBA7C2 /* ResearchViewController.xib in Resources */ = {isa = PBXBuildFile; fileRef = 7AC8308D25B3294F00BBA7C2 /* ResearchViewController.xib */; };
		7AC8309C25B3298200BBA7C2 /* EditWatchlistViewController.swift in Sources */ = {isa = PBXBuildFile; fileRef = 7AC8309A25B3298200BBA7C2 /* EditWatchlistViewController.swift */; };
		7AC8309D25B3298200BBA7C2 /* EditWatchlistViewController.xib in Resources */ = {isa = PBXBuildFile; fileRef = 7AC8309B25B3298200BBA7C2 /* EditWatchlistViewController.xib */; };
		7AC830A925B33DE100BBA7C2 /* MenuViewController.swift in Sources */ = {isa = PBXBuildFile; fileRef = 7AC830A725B33DE100BBA7C2 /* MenuViewController.swift */; };
		7AC830AA25B33DE100BBA7C2 /* MenuViewController.xib in Resources */ = {isa = PBXBuildFile; fileRef = 7AC830A825B33DE100BBA7C2 /* MenuViewController.xib */; };
		D3AF386725B4C546000084CF /* ApiService.swift in Sources */ = {isa = PBXBuildFile; fileRef = D3AF386625B4C546000084CF /* ApiService.swift */; };
		E924FE1E25AB6C060065F78D /* AppDelegate.swift in Sources */ = {isa = PBXBuildFile; fileRef = E924FE1D25AB6C060065F78D /* AppDelegate.swift */; };
		E924FE2725AB6C070065F78D /* Assets.xcassets in Resources */ = {isa = PBXBuildFile; fileRef = E924FE2625AB6C070065F78D /* Assets.xcassets */; };
		E924FE2A25AB6C070065F78D /* LaunchScreen.storyboard in Resources */ = {isa = PBXBuildFile; fileRef = E924FE2825AB6C070065F78D /* LaunchScreen.storyboard */; };
		E924FE3825AB6E0D0065F78D /* HomeViewController.swift in Sources */ = {isa = PBXBuildFile; fileRef = E924FE3625AB6E0D0065F78D /* HomeViewController.swift */; };
		E924FE3925AB6E0D0065F78D /* HomeViewController.xib in Resources */ = {isa = PBXBuildFile; fileRef = E924FE3725AB6E0D0065F78D /* HomeViewController.xib */; };
/* End PBXBuildFile section */

/* Begin PBXFileReference section */
		7A1FF3F825BDCA2F001EB59D /* TmdbMovie.swift */ = {isa = PBXFileReference; lastKnownFileType = sourcecode.swift; path = TmdbMovie.swift; sourceTree = "<group>"; };
		7A1FF3FB25BDCA6F001EB59D /* WatchListMovie.swift */ = {isa = PBXFileReference; lastKnownFileType = sourcecode.swift; path = WatchListMovie.swift; sourceTree = "<group>"; };
		7A73D7D325B4771F00C664B5 /* CustomTableViewCell.swift */ = {isa = PBXFileReference; lastKnownFileType = sourcecode.swift; path = CustomTableViewCell.swift; sourceTree = "<group>"; };
		7A73D7D425B4771F00C664B5 /* CustomTableViewCell.xib */ = {isa = PBXFileReference; lastKnownFileType = file.xib; path = CustomTableViewCell.xib; sourceTree = "<group>"; };
		7A73D7D925B4820F00C664B5 /* ResultViewController.swift */ = {isa = PBXFileReference; lastKnownFileType = sourcecode.swift; path = ResultViewController.swift; sourceTree = "<group>"; };
		7A73D7DA25B4820F00C664B5 /* ResultViewController.xib */ = {isa = PBXFileReference; lastKnownFileType = file.xib; path = ResultViewController.xib; sourceTree = "<group>"; };
		7A73D7DF25B482E000C664B5 /* ResultTableViewCell.swift */ = {isa = PBXFileReference; lastKnownFileType = sourcecode.swift; path = ResultTableViewCell.swift; sourceTree = "<group>"; };
		7A73D7E025B482E000C664B5 /* ResultTableViewCell.xib */ = {isa = PBXFileReference; lastKnownFileType = file.xib; path = ResultTableViewCell.xib; sourceTree = "<group>"; };
		7A9B334125B486CB006DBEB5 /* MovieViewController.swift */ = {isa = PBXFileReference; lastKnownFileType = sourcecode.swift; path = MovieViewController.swift; sourceTree = "<group>"; };
		7A9B334225B486CB006DBEB5 /* MovieViewController.xib */ = {isa = PBXFileReference; lastKnownFileType = file.xib; path = MovieViewController.xib; sourceTree = "<group>"; };
		7A9B334C25B4891F006DBEB5 /* MovieTableViewCell.swift */ = {isa = PBXFileReference; lastKnownFileType = sourcecode.swift; path = MovieTableViewCell.swift; sourceTree = "<group>"; };
		7A9B334D25B4891F006DBEB5 /* MovieTableViewCell.xib */ = {isa = PBXFileReference; lastKnownFileType = file.xib; path = MovieTableViewCell.xib; sourceTree = "<group>"; };
		7AC8308C25B3294F00BBA7C2 /* ResearchViewController.swift */ = {isa = PBXFileReference; lastKnownFileType = sourcecode.swift; path = ResearchViewController.swift; sourceTree = "<group>"; };
		7AC8308D25B3294F00BBA7C2 /* ResearchViewController.xib */ = {isa = PBXFileReference; lastKnownFileType = file.xib; path = ResearchViewController.xib; sourceTree = "<group>"; };
		7AC8309A25B3298200BBA7C2 /* EditWatchlistViewController.swift */ = {isa = PBXFileReference; lastKnownFileType = sourcecode.swift; path = EditWatchlistViewController.swift; sourceTree = "<group>"; };
		7AC8309B25B3298200BBA7C2 /* EditWatchlistViewController.xib */ = {isa = PBXFileReference; lastKnownFileType = file.xib; path = EditWatchlistViewController.xib; sourceTree = "<group>"; };
		7AC830A725B33DE100BBA7C2 /* MenuViewController.swift */ = {isa = PBXFileReference; lastKnownFileType = sourcecode.swift; path = MenuViewController.swift; sourceTree = "<group>"; };
		7AC830A825B33DE100BBA7C2 /* MenuViewController.xib */ = {isa = PBXFileReference; lastKnownFileType = file.xib; path = MenuViewController.xib; sourceTree = "<group>"; };
		D3AF386625B4C546000084CF /* ApiService.swift */ = {isa = PBXFileReference; lastKnownFileType = sourcecode.swift; path = ApiService.swift; sourceTree = "<group>"; };
		E924FE1A25AB6C060065F78D /* PimpMyPlaylist.app */ = {isa = PBXFileReference; explicitFileType = wrapper.application; includeInIndex = 0; path = PimpMyPlaylist.app; sourceTree = BUILT_PRODUCTS_DIR; };
		E924FE1D25AB6C060065F78D /* AppDelegate.swift */ = {isa = PBXFileReference; lastKnownFileType = sourcecode.swift; path = AppDelegate.swift; sourceTree = "<group>"; };
		E924FE2625AB6C070065F78D /* Assets.xcassets */ = {isa = PBXFileReference; lastKnownFileType = folder.assetcatalog; path = Assets.xcassets; sourceTree = "<group>"; };
		E924FE2925AB6C070065F78D /* Base */ = {isa = PBXFileReference; lastKnownFileType = file.storyboard; name = Base; path = Base.lproj/LaunchScreen.storyboard; sourceTree = "<group>"; };
		E924FE2B25AB6C070065F78D /* Info.plist */ = {isa = PBXFileReference; lastKnownFileType = text.plist.xml; path = Info.plist; sourceTree = "<group>"; };
		E924FE3625AB6E0D0065F78D /* HomeViewController.swift */ = {isa = PBXFileReference; lastKnownFileType = sourcecode.swift; path = HomeViewController.swift; sourceTree = "<group>"; };
		E924FE3725AB6E0D0065F78D /* HomeViewController.xib */ = {isa = PBXFileReference; lastKnownFileType = file.xib; path = HomeViewController.xib; sourceTree = "<group>"; };
/* End PBXFileReference section */

/* Begin PBXFrameworksBuildPhase section */
		E924FE1725AB6C060065F78D /* Frameworks */ = {
			isa = PBXFrameworksBuildPhase;
			buildActionMask = 2147483647;
			files = (
			);
			runOnlyForDeploymentPostprocessing = 0;
		};
/* End PBXFrameworksBuildPhase section */

/* Begin PBXGroup section */
		7A1FF3F325BDC9A7001EB59D /* CustomCells */ = {
			isa = PBXGroup;
			children = (
				7A73D7D225B476DF00C664B5 /* CustomCellView */,
				7A73D7DE25B482C400C664B5 /* ResultCustomCellView */,
				7A9B334625B488EA006DBEB5 /* MovieCellView */,
			);
			path = CustomCells;
			sourceTree = "<group>";
		};
		7A1FF3F625BDC9EF001EB59D /* Services */ = {
			isa = PBXGroup;
			children = (
				D3AF386625B4C546000084CF /* ApiService.swift */,
			);
			path = Services;
			sourceTree = "<group>";
		};
		7A1FF3F725BDC9FF001EB59D /* Structures */ = {
			isa = PBXGroup;
			children = (
				7A1FF3F825BDCA2F001EB59D /* TmdbMovie.swift */,
				7A1FF3FB25BDCA6F001EB59D /* WatchListMovie.swift */,
			);
			path = Structures;
			sourceTree = "<group>";
		};
		7A73D7D225B476DF00C664B5 /* CustomCellView */ = {
			isa = PBXGroup;
			children = (
				7A73D7D325B4771F00C664B5 /* CustomTableViewCell.swift */,
				7A73D7D425B4771F00C664B5 /* CustomTableViewCell.xib */,
			);
			path = CustomCellView;
			sourceTree = "<group>";
		};
		7A73D7D825B481E500C664B5 /* ResultViewController */ = {
			isa = PBXGroup;
			children = (
				7A73D7D925B4820F00C664B5 /* ResultViewController.swift */,
				7A73D7DA25B4820F00C664B5 /* ResultViewController.xib */,
			);
			path = ResultViewController;
			sourceTree = "<group>";
		};
		7A73D7DE25B482C400C664B5 /* ResultCustomCellView */ = {
			isa = PBXGroup;
			children = (
				7A73D7DF25B482E000C664B5 /* ResultTableViewCell.swift */,
				7A73D7E025B482E000C664B5 /* ResultTableViewCell.xib */,
			);
			path = ResultCustomCellView;
			sourceTree = "<group>";
		};
		7A9B334025B486A5006DBEB5 /* MovieViewController */ = {
			isa = PBXGroup;
			children = (
				7A9B334125B486CB006DBEB5 /* MovieViewController.swift */,
				7A9B334225B486CB006DBEB5 /* MovieViewController.xib */,
			);
			path = MovieViewController;
			sourceTree = "<group>";
		};
		7A9B334625B488EA006DBEB5 /* MovieCellView */ = {
			isa = PBXGroup;
			children = (
				7A9B334C25B4891F006DBEB5 /* MovieTableViewCell.swift */,
				7A9B334D25B4891F006DBEB5 /* MovieTableViewCell.xib */,
			);
			path = MovieCellView;
			sourceTree = "<group>";
		};
		7AC8308B25B3293C00BBA7C2 /* ResearchView */ = {
			isa = PBXGroup;
			children = (
				7AC8308C25B3294F00BBA7C2 /* ResearchViewController.swift */,
				7AC8308D25B3294F00BBA7C2 /* ResearchViewController.xib */,
			);
			path = ResearchView;
			sourceTree = "<group>";
		};
		7AC8309225B3295500BBA7C2 /* EditWatchlistView */ = {
			isa = PBXGroup;
			children = (
				7AC8309A25B3298200BBA7C2 /* EditWatchlistViewController.swift */,
				7AC8309B25B3298200BBA7C2 /* EditWatchlistViewController.xib */,
			);
			path = EditWatchlistView;
			sourceTree = "<group>";
		};
		7AC830A625B33DCF00BBA7C2 /* MenuView */ = {
			isa = PBXGroup;
			children = (
				7AC830A725B33DE100BBA7C2 /* MenuViewController.swift */,
				7AC830A825B33DE100BBA7C2 /* MenuViewController.xib */,
			);
			path = MenuView;
			sourceTree = "<group>";
		};
		E924FE1125AB6C060065F78D = {
			isa = PBXGroup;
			children = (
				E924FE1C25AB6C060065F78D /* PimpMyPlaylist */,
				E924FE1B25AB6C060065F78D /* Products */,
			);
			sourceTree = "<group>";
		};
		E924FE1B25AB6C060065F78D /* Products */ = {
			isa = PBXGroup;
			children = (
				E924FE1A25AB6C060065F78D /* PimpMyPlaylist.app */,
			);
			name = Products;
			sourceTree = "<group>";
		};
		E924FE1C25AB6C060065F78D /* PimpMyPlaylist */ = {
			isa = PBXGroup;
			children = (
				7A1FF3F725BDC9FF001EB59D /* Structures */,
				7A1FF3F625BDC9EF001EB59D /* Services */,
				E924FE3425AB6DE60065F78D /* View */,
				E924FE1D25AB6C060065F78D /* AppDelegate.swift */,
				E924FE2625AB6C070065F78D /* Assets.xcassets */,
				E924FE2825AB6C070065F78D /* LaunchScreen.storyboard */,
				E924FE2B25AB6C070065F78D /* Info.plist */,
			);
			path = PimpMyPlaylist;
			sourceTree = "<group>";
		};
		E924FE3425AB6DE60065F78D /* View */ = {
			isa = PBXGroup;
			children = (
				7A1FF3F325BDC9A7001EB59D /* CustomCells */,
				7A9B334025B486A5006DBEB5 /* MovieViewController */,
				7A73D7D825B481E500C664B5 /* ResultViewController */,
				7AC830A625B33DCF00BBA7C2 /* MenuView */,
				7AC8309225B3295500BBA7C2 /* EditWatchlistView */,
				7AC8308B25B3293C00BBA7C2 /* ResearchView */,
				E924FE3525AB6DF00065F78D /* HomeView */,
			);
			path = View;
			sourceTree = "<group>";
		};
		E924FE3525AB6DF00065F78D /* HomeView */ = {
			isa = PBXGroup;
			children = (
				E924FE3625AB6E0D0065F78D /* HomeViewController.swift */,
				E924FE3725AB6E0D0065F78D /* HomeViewController.xib */,
			);
			path = HomeView;
			sourceTree = "<group>";
		};
/* End PBXGroup section */

/* Begin PBXNativeTarget section */
		E924FE1925AB6C060065F78D /* PimpMyPlaylist */ = {
			isa = PBXNativeTarget;
			buildConfigurationList = E924FE2E25AB6C070065F78D /* Build configuration list for PBXNativeTarget "PimpMyPlaylist" */;
			buildPhases = (
				E924FE1625AB6C060065F78D /* Sources */,
				E924FE1725AB6C060065F78D /* Frameworks */,
				E924FE1825AB6C060065F78D /* Resources */,
			);
			buildRules = (
			);
			dependencies = (
			);
			name = PimpMyPlaylist;
			productName = PimpMyPlaylist;
			productReference = E924FE1A25AB6C060065F78D /* PimpMyPlaylist.app */;
			productType = "com.apple.product-type.application";
		};
/* End PBXNativeTarget section */

/* Begin PBXProject section */
		E924FE1225AB6C060065F78D /* Project object */ = {
			isa = PBXProject;
			attributes = {
				LastSwiftUpdateCheck = 1220;
				LastUpgradeCheck = 1220;
				TargetAttributes = {
					E924FE1925AB6C060065F78D = {
						CreatedOnToolsVersion = 12.2;
					};
				};
			};
			buildConfigurationList = E924FE1525AB6C060065F78D /* Build configuration list for PBXProject "PimpMyPlaylist" */;
			compatibilityVersion = "Xcode 9.3";
			developmentRegion = en;
			hasScannedForEncodings = 0;
			knownRegions = (
				en,
				Base,
			);
			mainGroup = E924FE1125AB6C060065F78D;
			productRefGroup = E924FE1B25AB6C060065F78D /* Products */;
			projectDirPath = "";
			projectRoot = "";
			targets = (
				E924FE1925AB6C060065F78D /* PimpMyPlaylist */,
			);
		};
/* End PBXProject section */

/* Begin PBXResourcesBuildPhase section */
		E924FE1825AB6C060065F78D /* Resources */ = {
			isa = PBXResourcesBuildPhase;
			buildActionMask = 2147483647;
			files = (
				E924FE2A25AB6C070065F78D /* LaunchScreen.storyboard in Resources */,
				7A73D7D625B4771F00C664B5 /* CustomTableViewCell.xib in Resources */,
				7AC830AA25B33DE100BBA7C2 /* MenuViewController.xib in Resources */,
				7A9B334425B486CB006DBEB5 /* MovieViewController.xib in Resources */,
				7A9B334F25B4891F006DBEB5 /* MovieTableViewCell.xib in Resources */,
				7AC8308F25B3294F00BBA7C2 /* ResearchViewController.xib in Resources */,
				E924FE2725AB6C070065F78D /* Assets.xcassets in Resources */,
				E924FE3925AB6E0D0065F78D /* HomeViewController.xib in Resources */,
				7AC8309D25B3298200BBA7C2 /* EditWatchlistViewController.xib in Resources */,
				7A73D7DC25B4820F00C664B5 /* ResultViewController.xib in Resources */,
				7A73D7E225B482E000C664B5 /* ResultTableViewCell.xib in Resources */,
			);
			runOnlyForDeploymentPostprocessing = 0;
		};
/* End PBXResourcesBuildPhase section */

/* Begin PBXSourcesBuildPhase section */
		E924FE1625AB6C060065F78D /* Sources */ = {
			isa = PBXSourcesBuildPhase;
			buildActionMask = 2147483647;
			files = (
				7A1FF3FC25BDCA6F001EB59D /* WatchListMovie.swift in Sources */,
				7AC8309C25B3298200BBA7C2 /* EditWatchlistViewController.swift in Sources */,
				7A9B334325B486CB006DBEB5 /* MovieViewController.swift in Sources */,
				D3AF386725B4C546000084CF /* ApiService.swift in Sources */,
				7AC830A925B33DE100BBA7C2 /* MenuViewController.swift in Sources */,
				E924FE1E25AB6C060065F78D /* AppDelegate.swift in Sources */,
				7A73D7DB25B4820F00C664B5 /* ResultViewController.swift in Sources */,
				7A73D7D525B4771F00C664B5 /* CustomTableViewCell.swift in Sources */,
				E924FE3825AB6E0D0065F78D /* HomeViewController.swift in Sources */,
				7AC8308E25B3294F00BBA7C2 /* ResearchViewController.swift in Sources */,
				7A1FF3F925BDCA2F001EB59D /* TmdbMovie.swift in Sources */,
				7A73D7E125B482E000C664B5 /* ResultTableViewCell.swift in Sources */,
				7A9B334E25B4891F006DBEB5 /* MovieTableViewCell.swift in Sources */,
			);
			runOnlyForDeploymentPostprocessing = 0;
		};
/* End PBXSourcesBuildPhase section */

/* Begin PBXVariantGroup section */
		E924FE2825AB6C070065F78D /* LaunchScreen.storyboard */ = {
			isa = PBXVariantGroup;
			children = (
				E924FE2925AB6C070065F78D /* Base */,
			);
			name = LaunchScreen.storyboard;
			sourceTree = "<group>";
		};
/* End PBXVariantGroup section */

/* Begin XCBuildConfiguration section */
		E924FE2C25AB6C070065F78D /* Debug */ = {
			isa = XCBuildConfiguration;
			buildSettings = {
				ALWAYS_SEARCH_USER_PATHS = NO;
				CLANG_ANALYZER_NONNULL = YES;
				CLANG_ANALYZER_NUMBER_OBJECT_CONVERSION = YES_AGGRESSIVE;
				CLANG_CXX_LANGUAGE_STANDARD = "gnu++14";
				CLANG_CXX_LIBRARY = "libc++";
				CLANG_ENABLE_MODULES = YES;
				CLANG_ENABLE_OBJC_ARC = YES;
				CLANG_ENABLE_OBJC_WEAK = YES;
				CLANG_WARN_BLOCK_CAPTURE_AUTORELEASING = YES;
				CLANG_WARN_BOOL_CONVERSION = YES;
				CLANG_WARN_COMMA = YES;
				CLANG_WARN_CONSTANT_CONVERSION = YES;
				CLANG_WARN_DEPRECATED_OBJC_IMPLEMENTATIONS = YES;
				CLANG_WARN_DIRECT_OBJC_ISA_USAGE = YES_ERROR;
				CLANG_WARN_DOCUMENTATION_COMMENTS = YES;
				CLANG_WARN_EMPTY_BODY = YES;
				CLANG_WARN_ENUM_CONVERSION = YES;
				CLANG_WARN_INFINITE_RECURSION = YES;
				CLANG_WARN_INT_CONVERSION = YES;
				CLANG_WARN_NON_LITERAL_NULL_CONVERSION = YES;
				CLANG_WARN_OBJC_IMPLICIT_RETAIN_SELF = YES;
				CLANG_WARN_OBJC_LITERAL_CONVERSION = YES;
				CLANG_WARN_OBJC_ROOT_CLASS = YES_ERROR;
				CLANG_WARN_QUOTED_INCLUDE_IN_FRAMEWORK_HEADER = YES;
				CLANG_WARN_RANGE_LOOP_ANALYSIS = YES;
				CLANG_WARN_STRICT_PROTOTYPES = YES;
				CLANG_WARN_SUSPICIOUS_MOVE = YES;
				CLANG_WARN_UNGUARDED_AVAILABILITY = YES_AGGRESSIVE;
				CLANG_WARN_UNREACHABLE_CODE = YES;
				CLANG_WARN__DUPLICATE_METHOD_MATCH = YES;
				COPY_PHASE_STRIP = NO;
				DEBUG_INFORMATION_FORMAT = dwarf;
				ENABLE_STRICT_OBJC_MSGSEND = YES;
				ENABLE_TESTABILITY = YES;
				GCC_C_LANGUAGE_STANDARD = gnu11;
				GCC_DYNAMIC_NO_PIC = NO;
				GCC_NO_COMMON_BLOCKS = YES;
				GCC_OPTIMIZATION_LEVEL = 0;
				GCC_PREPROCESSOR_DEFINITIONS = (
					"DEBUG=1",
					"$(inherited)",
				);
				GCC_WARN_64_TO_32_BIT_CONVERSION = YES;
				GCC_WARN_ABOUT_RETURN_TYPE = YES_ERROR;
				GCC_WARN_UNDECLARED_SELECTOR = YES;
				GCC_WARN_UNINITIALIZED_AUTOS = YES_AGGRESSIVE;
				GCC_WARN_UNUSED_FUNCTION = YES;
				GCC_WARN_UNUSED_VARIABLE = YES;
				IPHONEOS_DEPLOYMENT_TARGET = 14.2;
				MTL_ENABLE_DEBUG_INFO = INCLUDE_SOURCE;
				MTL_FAST_MATH = YES;
				ONLY_ACTIVE_ARCH = YES;
				SDKROOT = iphoneos;
				SWIFT_ACTIVE_COMPILATION_CONDITIONS = DEBUG;
				SWIFT_OPTIMIZATION_LEVEL = "-Onone";
			};
			name = Debug;
		};
		E924FE2D25AB6C070065F78D /* Release */ = {
			isa = XCBuildConfiguration;
			buildSettings = {
				ALWAYS_SEARCH_USER_PATHS = NO;
				CLANG_ANALYZER_NONNULL = YES;
				CLANG_ANALYZER_NUMBER_OBJECT_CONVERSION = YES_AGGRESSIVE;
				CLANG_CXX_LANGUAGE_STANDARD = "gnu++14";
				CLANG_CXX_LIBRARY = "libc++";
				CLANG_ENABLE_MODULES = YES;
				CLANG_ENABLE_OBJC_ARC = YES;
				CLANG_ENABLE_OBJC_WEAK = YES;
				CLANG_WARN_BLOCK_CAPTURE_AUTORELEASING = YES;
				CLANG_WARN_BOOL_CONVERSION = YES;
				CLANG_WARN_COMMA = YES;
				CLANG_WARN_CONSTANT_CONVERSION = YES;
				CLANG_WARN_DEPRECATED_OBJC_IMPLEMENTATIONS = YES;
				CLANG_WARN_DIRECT_OBJC_ISA_USAGE = YES_ERROR;
				CLANG_WARN_DOCUMENTATION_COMMENTS = YES;
				CLANG_WARN_EMPTY_BODY = YES;
				CLANG_WARN_ENUM_CONVERSION = YES;
				CLANG_WARN_INFINITE_RECURSION = YES;
				CLANG_WARN_INT_CONVERSION = YES;
				CLANG_WARN_NON_LITERAL_NULL_CONVERSION = YES;
				CLANG_WARN_OBJC_IMPLICIT_RETAIN_SELF = YES;
				CLANG_WARN_OBJC_LITERAL_CONVERSION = YES;
				CLANG_WARN_OBJC_ROOT_CLASS = YES_ERROR;
				CLANG_WARN_QUOTED_INCLUDE_IN_FRAMEWORK_HEADER = YES;
				CLANG_WARN_RANGE_LOOP_ANALYSIS = YES;
				CLANG_WARN_STRICT_PROTOTYPES = YES;
				CLANG_WARN_SUSPICIOUS_MOVE = YES;
				CLANG_WARN_UNGUARDED_AVAILABILITY = YES_AGGRESSIVE;
				CLANG_WARN_UNREACHABLE_CODE = YES;
				CLANG_WARN__DUPLICATE_METHOD_MATCH = YES;
				COPY_PHASE_STRIP = NO;
				DEBUG_INFORMATION_FORMAT = "dwarf-with-dsym";
				ENABLE_NS_ASSERTIONS = NO;
				ENABLE_STRICT_OBJC_MSGSEND = YES;
				GCC_C_LANGUAGE_STANDARD = gnu11;
				GCC_NO_COMMON_BLOCKS = YES;
				GCC_WARN_64_TO_32_BIT_CONVERSION = YES;
				GCC_WARN_ABOUT_RETURN_TYPE = YES_ERROR;
				GCC_WARN_UNDECLARED_SELECTOR = YES;
				GCC_WARN_UNINITIALIZED_AUTOS = YES_AGGRESSIVE;
				GCC_WARN_UNUSED_FUNCTION = YES;
				GCC_WARN_UNUSED_VARIABLE = YES;
				IPHONEOS_DEPLOYMENT_TARGET = 14.2;
				MTL_ENABLE_DEBUG_INFO = NO;
				MTL_FAST_MATH = YES;
				SDKROOT = iphoneos;
				SWIFT_COMPILATION_MODE = wholemodule;
				SWIFT_OPTIMIZATION_LEVEL = "-O";
				VALIDATE_PRODUCT = YES;
			};
			name = Release;
		};
		E924FE2F25AB6C070065F78D /* Debug */ = {
			isa = XCBuildConfiguration;
			buildSettings = {
				ASSETCATALOG_COMPILER_APPICON_NAME = AppIcon;
				ASSETCATALOG_COMPILER_GLOBAL_ACCENT_COLOR_NAME = AccentColor;
				CODE_SIGN_STYLE = Automatic;
				DEVELOPMENT_TEAM = N73QXZ6JC3;
				INFOPLIST_FILE = PimpMyPlaylist/Info.plist;
				LD_RUNPATH_SEARCH_PATHS = (
					"$(inherited)",
					"@executable_path/Frameworks",
				);
				PRODUCT_BUNDLE_IDENTIFIER = com.thomas.PimpMyPlaylist;
				PRODUCT_NAME = "$(TARGET_NAME)";
				SWIFT_VERSION = 5.0;
				TARGETED_DEVICE_FAMILY = "1,2";
			};
			name = Debug;
		};
		E924FE3025AB6C070065F78D /* Release */ = {
			isa = XCBuildConfiguration;
			buildSettings = {
				ASSETCATALOG_COMPILER_APPICON_NAME = AppIcon;
				ASSETCATALOG_COMPILER_GLOBAL_ACCENT_COLOR_NAME = AccentColor;
				CODE_SIGN_STYLE = Automatic;
				DEVELOPMENT_TEAM = N73QXZ6JC3;
				INFOPLIST_FILE = PimpMyPlaylist/Info.plist;
				LD_RUNPATH_SEARCH_PATHS = (
					"$(inherited)",
					"@executable_path/Frameworks",
				);
				PRODUCT_BUNDLE_IDENTIFIER = com.thomas.PimpMyPlaylist;
				PRODUCT_NAME = "$(TARGET_NAME)";
				SWIFT_VERSION = 5.0;
				TARGETED_DEVICE_FAMILY = "1,2";
			};
			name = Release;
		};
/* End XCBuildConfiguration section */

/* Begin XCConfigurationList section */
		E924FE1525AB6C060065F78D /* Build configuration list for PBXProject "PimpMyPlaylist" */ = {
			isa = XCConfigurationList;
			buildConfigurations = (
				E924FE2C25AB6C070065F78D /* Debug */,
				E924FE2D25AB6C070065F78D /* Release */,
			);
			defaultConfigurationIsVisible = 0;
			defaultConfigurationName = Release;
		};
		E924FE2E25AB6C070065F78D /* Build configuration list for PBXNativeTarget "PimpMyPlaylist" */ = {
			isa = XCConfigurationList;
			buildConfigurations = (
				E924FE2F25AB6C070065F78D /* Debug */,
				E924FE3025AB6C070065F78D /* Release */,
			);
			defaultConfigurationIsVisible = 0;
			defaultConfigurationName = Release;
		};
/* End XCConfigurationList section */
	};
	rootObject = E924FE1225AB6C060065F78D /* Project object */;
}
